
Microsoft Visual Studio Solution File, Format Version 12.00
# Visual Studio 15
VisualStudioVersion = 15.0.28010.2036
MinimumVisualStudioVersion = 10.0.40219.1
Project("{9A19103F-16F7-4668-BE54-9A1E7A4F7556}") = "Casadocodigo", "Casadocodigo\Casadocodigo.csproj", "{5B401A11-541B-4A65-9E74-427438F5FCB5}"
EndProject
Global
	GlobalSection(SolutionConfigurationPlatforms) = preSolution
		Debug|Any CPU = Debug|Any CPU
		Release|Any CPU = Release|Any CPU
	EndGlobalSection
	GlobalSection(ProjectConfigurationPlatforms) = postSolution
		{5B401A11-541B-4A65-9E74-427438F5FCB5}.Debug|Any CPU.ActiveCfg = Debug|Any CPU
		{5B401A11-541B-4A65-9E74-427438F5FCB5}.Debug|Any CPU.Build.0 = Debug|Any CPU
		{5B401A11-541B-4A65-9E74-427438F5FCB5}.Release|Any CPU.ActiveCfg = Release|Any CPU
		{5B401A11-541B-4A65-9E74-427438F5FCB5}.Release|Any CPU.Build.0 = Release|Any CPU
	EndGlobalSection
	GlobalSection(SolutionProperties) = preSolution
		HideSolutionNode = FALSE
	EndGlobalSection
	GlobalSection(ExtensibilityGlobals) = postSolution
		SolutionGuid = {6EF6A4A3-4127-47F1-BD65-160A12CC6BAA}
	EndGlobalSection
EndGlobal
